
Microsoft Visual Studio Solution File, Format Version 12.00
# Visual Studio Version 17
VisualStudioVersion = 17.6.33829.357
MinimumVisualStudioVersion = 10.0.40219.1
Project("{8BC9CEB8-8B4A-11D0-8D11-00A0C91BC942}") = "aimbot", "aimbot.vcxproj", "{8CF9B368-9F90-46AE-B1BC-87C2D81DAB0D}"
EndProject
Global
	GlobalSection(SolutionConfigurationPlatforms) = preSolution
		Debug|x64 = Debug|x64
		Debug|x86 = Debug|x86
		Release|x64 = Release|x64
		Release|x86 = Release|x86
	EndGlobalSection
	GlobalSection(ProjectConfigurationPlatforms) = postSolution
		{8CF9B368-9F90-46AE-B1BC-87C2D81DAB0D}.Debug|x64.ActiveCfg = Debug|x64
		{8CF9B368-9F90-46AE-B1BC-87C2D81DAB0D}.Debug|x64.Build.0 = Debug|x64
		{8CF9B368-9F90-46AE-B1BC-87C2D81DAB0D}.Debug|x86.ActiveCfg = Debug|Win32
		{8CF9B368-9F90-46AE-B1BC-87C2D81DAB0D}.Debug|x86.Build.0 = Debug|Win32
		{8CF9B368-9F90-46AE-B1BC-87C2D81DAB0D}.Release|x64.ActiveCfg = Release|x64
		{8CF9B368-9F90-46AE-B1BC-87C2D81DAB0D}.Release|x64.Build.0 = Release|x64
		{8CF9B368-9F90-46AE-B1BC-87C2D81DAB0D}.Release|x86.ActiveCfg = Release|Win32
		{8CF9B368-9F90-46AE-B1BC-87C2D81DAB0D}.Release|x86.Build.0 = Release|Win32
	EndGlobalSection
	GlobalSection(SolutionProperties) = preSolution
		HideSolutionNode = FALSE
	EndGlobalSection
	GlobalSection(ExtensibilityGlobals) = postSolution
		SolutionGuid = {19EADED0-EB4D-48C4-9476-8A876E930AE2}
	EndGlobalSection
EndGlobal
